
Microsoft Visual Studio Solution File, Format Version 12.00
# Visual Studio Version 17
VisualStudioVersion = 17.6.33723.286
MinimumVisualStudioVersion = 10.0.40219.1
Project("{9A19103F-16F7-4668-BE54-9A1E7A4F7556}") = "iTextSample", "iTextSample.csproj", "{92F5F2D1-20F4-43CE-863D-1317CD15A8A5}"
EndProject
Project("{2150E333-8FDC-42A3-9474-1A3956D46DE8}") = "Solution Items", "Solution Items", "{D2E73611-A8BC-423F-8BA2-BFEE25C49B01}"
	ProjectSection(SolutionItems) = preProject
		..\.gitignore = ..\.gitignore
		..\README.md = ..\README.md
	EndProjectSection
EndProject
Global
	GlobalSection(SolutionConfigurationPlatforms) = preSolution
		Debug|Any CPU = Debug|Any CPU
		Release|Any CPU = Release|Any CPU
	EndGlobalSection
	GlobalSection(ProjectConfigurationPlatforms) = postSolution
		{92F5F2D1-20F4-43CE-863D-1317CD15A8A5}.Debug|Any CPU.ActiveCfg = Debug|Any CPU
		{92F5F2D1-20F4-43CE-863D-1317CD15A8A5}.Debug|Any CPU.Build.0 = Debug|Any CPU
		{92F5F2D1-20F4-43CE-863D-1317CD15A8A5}.Release|Any CPU.ActiveCfg = Release|Any CPU
		{92F5F2D1-20F4-43CE-863D-1317CD15A8A5}.Release|Any CPU.Build.0 = Release|Any CPU
	EndGlobalSection
	GlobalSection(SolutionProperties) = preSolution
		HideSolutionNode = FALSE
	EndGlobalSection
	GlobalSection(ExtensibilityGlobals) = postSolution
		SolutionGuid = {9A96415C-7158-4F97-8C44-28EF0B015EDC}
	EndGlobalSection
EndGlobal
