
Microsoft Visual Studio Solution File, Format Version 12.00
# Visual Studio Version 17
VisualStudioVersion = 17.6.33723.286
MinimumVisualStudioVersion = 10.0.40219.1
Project("{FAE04EC0-301F-11D3-BF4B-00C04F79EFBC}") = "iTextSample", "iTextSample.csproj", "{92F5F2D1-20F4-43CE-863D-1317CD15A8A5}"
EndProject
Global
	GlobalSection(SolutionConfigurationPlatforms) = preSolution
		Debug|Any CPU = Debug|Any CPU
		Release|Any CPU = Release|Any CPU
	EndGlobalSection
	GlobalSection(ProjectConfigurationPlatforms) = postSolution
		{92F5F2D1-20F4-43CE-863D-1317CD15A8A5}.Debug|Any CPU.ActiveCfg = Debug|Any CPU
		{92F5F2D1-20F4-43CE-863D-1317CD15A8A5}.Debug|Any CPU.Build.0 = Debug|Any CPU
		{92F5F2D1-20F4-43CE-863D-1317CD15A8A5}.Release|Any CPU.ActiveCfg = Release|Any CPU
		{92F5F2D1-20F4-43CE-863D-1317CD15A8A5}.Release|Any CPU.Build.0 = Release|Any CPU
	EndGlobalSection
	GlobalSection(SolutionProperties) = preSolution
		HideSolutionNode = FALSE
	EndGlobalSection
	GlobalSection(ExtensibilityGlobals) = postSolution
		SolutionGuid = {9A96415C-7158-4F97-8C44-28EF0B015EDC}
	EndGlobalSection
EndGlobal
